Microsoft Visual Studio Solution File, Format Version 12.00
# Visual Studio Version 17
VisualStudioVersion = 17.5.2.0
MinimumVisualStudioVersion = 10.0.40219.1
Project("{FAE04EC0-301F-11D3-BF4B-00C04F79EFBC}") = "SwiftCollab.TaskTreeOptimzer", "SwiftCollab.TaskTreeOptimzer\SwiftCollab.TaskTreeOptimzer.csproj", "{A199010C-6565-31F4-4A67-1F633795DA7B}"
EndProject
Global
	GlobalSection(SolutionConfigurationPlatforms) = preSolution
		Debug|Any CPU = Debug|Any CPU
		Release|Any CPU = Release|Any CPU
	EndGlobalSection
	GlobalSection(ProjectConfigurationPlatforms) = postSolution
		{A199010C-6565-31F4-4A67-1F633795DA7B}.Debug|Any CPU.ActiveCfg = Debug|Any CPU
		{A199010C-6565-31F4-4A67-1F633795DA7B}.Debug|Any CPU.Build.0 = Debug|Any CPU
		{A199010C-6565-31F4-4A67-1F633795DA7B}.Release|Any CPU.ActiveCfg = Release|Any CPU
		{A199010C-6565-31F4-4A67-1F633795DA7B}.Release|Any CPU.Build.0 = Release|Any CPU
	EndGlobalSection
	GlobalSection(SolutionProperties) = preSolution
		HideSolutionNode = FALSE
	EndGlobalSection
	GlobalSection(ExtensibilityGlobals) = postSolution
		SolutionGuid = {691C20E5-724F-44F2-95C5-946BA21A78B7}
	EndGlobalSection
EndGlobal
